
Microsoft Visual Studio Solution File, Format Version 12.00
# Visual Studio Version 17
VisualStudioVersion = 17.8.34511.84
MinimumVisualStudioVersion = 10.0.40219.1
Project("{FAE04EC0-301F-11D3-BF4B-00C04F79EFBC}") = "ntp_hafta7", "ntp_hafta7\ntp_hafta7.csproj", "{04A49018-D81C-4ED2-B672-74DB1D42419D}"
EndProject
Global
	GlobalSection(SolutionConfigurationPlatforms) = preSolution
		Debug|Any CPU = Debug|Any CPU
		Release|Any CPU = Release|Any CPU
	EndGlobalSection
	GlobalSection(ProjectConfigurationPlatforms) = postSolution
		{04A49018-D81C-4ED2-B672-74DB1D42419D}.Debug|Any CPU.ActiveCfg = Debug|Any CPU
		{04A49018-D81C-4ED2-B672-74DB1D42419D}.Debug|Any CPU.Build.0 = Debug|Any CPU
		{04A49018-D81C-4ED2-B672-74DB1D42419D}.Release|Any CPU.ActiveCfg = Release|Any CPU
		{04A49018-D81C-4ED2-B672-74DB1D42419D}.Release|Any CPU.Build.0 = Release|Any CPU
	EndGlobalSection
	GlobalSection(SolutionProperties) = preSolution
		HideSolutionNode = FALSE
	EndGlobalSection
	GlobalSection(ExtensibilityGlobals) = postSolution
		SolutionGuid = {1D00739E-803C-42C4-BDB0-DB02CEB33A9B}
	EndGlobalSection
EndGlobal
