
Microsoft Visual Studio Solution File, Format Version 12.00
# Visual Studio Version 17
VisualStudioVersion = 17.8.34511.84
MinimumVisualStudioVersion = 10.0.40219.1
Project("{FAE04EC0-301F-11D3-BF4B-00C04F79EFBC}") = "ntp14", "ntp14\ntp14.csproj", "{76DFE931-3D9D-4EFD-9440-D1FC919A6DCB}"
EndProject
Global
	GlobalSection(SolutionConfigurationPlatforms) = preSolution
		Debug|Any CPU = Debug|Any CPU
		Release|Any CPU = Release|Any CPU
	EndGlobalSection
	GlobalSection(ProjectConfigurationPlatforms) = postSolution
		{76DFE931-3D9D-4EFD-9440-D1FC919A6DCB}.Debug|Any CPU.ActiveCfg = Debug|Any CPU
		{76DFE931-3D9D-4EFD-9440-D1FC919A6DCB}.Debug|Any CPU.Build.0 = Debug|Any CPU
		{76DFE931-3D9D-4EFD-9440-D1FC919A6DCB}.Release|Any CPU.ActiveCfg = Release|Any CPU
		{76DFE931-3D9D-4EFD-9440-D1FC919A6DCB}.Release|Any CPU.Build.0 = Release|Any CPU
	EndGlobalSection
	GlobalSection(SolutionProperties) = preSolution
		HideSolutionNode = FALSE
	EndGlobalSection
	GlobalSection(ExtensibilityGlobals) = postSolution
		SolutionGuid = {74AC34B9-F3DC-4BB7-BBC1-C791ED87EDF2}
	EndGlobalSection
EndGlobal
