
Microsoft Visual Studio Solution File, Format Version 12.00
# Visual Studio Version 17
VisualStudioVersion = 17.9.34902.65
MinimumVisualStudioVersion = 10.0.40219.1
Project("{FAE04EC0-301F-11D3-BF4B-00C04F79EFBC}") = "banka_hesabi_islemleri", "banka_hesabi_islemleri\banka_hesabi_islemleri.csproj", "{EADA79D2-D84C-4E35-A980-AFB9AA48595F}"
EndProject
Global
	GlobalSection(SolutionConfigurationPlatforms) = preSolution
		Debug|Any CPU = Debug|Any CPU
		Release|Any CPU = Release|Any CPU
	EndGlobalSection
	GlobalSection(ProjectConfigurationPlatforms) = postSolution
		{EADA79D2-D84C-4E35-A980-AFB9AA48595F}.Debug|Any CPU.ActiveCfg = Debug|Any CPU
		{EADA79D2-D84C-4E35-A980-AFB9AA48595F}.Debug|Any CPU.Build.0 = Debug|Any CPU
		{EADA79D2-D84C-4E35-A980-AFB9AA48595F}.Release|Any CPU.ActiveCfg = Release|Any CPU
		{EADA79D2-D84C-4E35-A980-AFB9AA48595F}.Release|Any CPU.Build.0 = Release|Any CPU
	EndGlobalSection
	GlobalSection(SolutionProperties) = preSolution
		HideSolutionNode = FALSE
	EndGlobalSection
	GlobalSection(ExtensibilityGlobals) = postSolution
		SolutionGuid = {BB36BEEF-5D3F-4702-8910-55BFE72AF8E4}
	EndGlobalSection
EndGlobal
