
Microsoft Visual Studio Solution File, Format Version 12.00
# Visual Studio Version 17
VisualStudioVersion = 17.9.34607.119
MinimumVisualStudioVersion = 10.0.40219.1
Project("{FAE04EC0-301F-11D3-BF4B-00C04F79EFBC}") = "ntp5_uygulama", "ntp5_uygulama\ntp5_uygulama.csproj", "{8EEFB258-1BF2-4FEA-B24B-006B781E1F39}"
EndProject
Global
	GlobalSection(SolutionConfigurationPlatforms) = preSolution
		Debug|Any CPU = Debug|Any CPU
		Release|Any CPU = Release|Any CPU
	EndGlobalSection
	GlobalSection(ProjectConfigurationPlatforms) = postSolution
		{8EEFB258-1BF2-4FEA-B24B-006B781E1F39}.Debug|Any CPU.ActiveCfg = Debug|Any CPU
		{8EEFB258-1BF2-4FEA-B24B-006B781E1F39}.Debug|Any CPU.Build.0 = Debug|Any CPU
		{8EEFB258-1BF2-4FEA-B24B-006B781E1F39}.Release|Any CPU.ActiveCfg = Release|Any CPU
		{8EEFB258-1BF2-4FEA-B24B-006B781E1F39}.Release|Any CPU.Build.0 = Release|Any CPU
	EndGlobalSection
	GlobalSection(SolutionProperties) = preSolution
		HideSolutionNode = FALSE
	EndGlobalSection
	GlobalSection(ExtensibilityGlobals) = postSolution
		SolutionGuid = {51E9EBA5-130E-4F1F-9A04-41558D0D5E01}
	EndGlobalSection
EndGlobal
