
Microsoft Visual Studio Solution File, Format Version 12.00
# Visual Studio Version 17
VisualStudioVersion = 17.8.34511.84
MinimumVisualStudioVersion = 10.0.40219.1
Project("{FAE04EC0-301F-11D3-BF4B-00C04F79EFBC}") = "ntp_hafta4", "ntp_hafta4\ntp_hafta4.csproj", "{B9EA1162-9B5E-4A24-9609-77E88FD9BCB3}"
EndProject
Global
	GlobalSection(SolutionConfigurationPlatforms) = preSolution
		Debug|Any CPU = Debug|Any CPU
		Release|Any CPU = Release|Any CPU
	EndGlobalSection
	GlobalSection(ProjectConfigurationPlatforms) = postSolution
		{B9EA1162-9B5E-4A24-9609-77E88FD9BCB3}.Debug|Any CPU.ActiveCfg = Debug|Any CPU
		{B9EA1162-9B5E-4A24-9609-77E88FD9BCB3}.Debug|Any CPU.Build.0 = Debug|Any CPU
		{B9EA1162-9B5E-4A24-9609-77E88FD9BCB3}.Release|Any CPU.ActiveCfg = Release|Any CPU
		{B9EA1162-9B5E-4A24-9609-77E88FD9BCB3}.Release|Any CPU.Build.0 = Release|Any CPU
	EndGlobalSection
	GlobalSection(SolutionProperties) = preSolution
		HideSolutionNode = FALSE
	EndGlobalSection
	GlobalSection(ExtensibilityGlobals) = postSolution
		SolutionGuid = {C30DA4E2-EC23-4D5A-8F60-CE2173245613}
	EndGlobalSection
EndGlobal
