
Microsoft Visual Studio Solution File, Format Version 12.00
# Visual Studio Version 17
VisualStudioVersion = 17.8.34511.84
MinimumVisualStudioVersion = 10.0.40219.1
Project("{FAE04EC0-301F-11D3-BF4B-00C04F79EFBC}") = "ntp_uyg13", "ntp_uyg13\ntp_uyg13.csproj", "{C02BD0FE-1ED0-4843-8616-66A3EA7E1E8B}"
EndProject
Global
	GlobalSection(SolutionConfigurationPlatforms) = preSolution
		Debug|Any CPU = Debug|Any CPU
		Release|Any CPU = Release|Any CPU
	EndGlobalSection
	GlobalSection(ProjectConfigurationPlatforms) = postSolution
		{C02BD0FE-1ED0-4843-8616-66A3EA7E1E8B}.Debug|Any CPU.ActiveCfg = Debug|Any CPU
		{C02BD0FE-1ED0-4843-8616-66A3EA7E1E8B}.Debug|Any CPU.Build.0 = Debug|Any CPU
		{C02BD0FE-1ED0-4843-8616-66A3EA7E1E8B}.Release|Any CPU.ActiveCfg = Release|Any CPU
		{C02BD0FE-1ED0-4843-8616-66A3EA7E1E8B}.Release|Any CPU.Build.0 = Release|Any CPU
	EndGlobalSection
	GlobalSection(SolutionProperties) = preSolution
		HideSolutionNode = FALSE
	EndGlobalSection
	GlobalSection(ExtensibilityGlobals) = postSolution
		SolutionGuid = {AE8D80A3-3BBA-4681-996A-0CEAD93C380F}
	EndGlobalSection
EndGlobal
