
Microsoft Visual Studio Solution File, Format Version 12.00
# Visual Studio Version 17
VisualStudioVersion = 17.9.34607.119
MinimumVisualStudioVersion = 10.0.40219.1
Project("{FAE04EC0-301F-11D3-BF4B-00C04F79EFBC}") = "ntp15_uyg", "ntp15_uyg.csproj", "{74D01FE2-2AB8-4AAB-B27F-099254761BA7}"
EndProject
Global
	GlobalSection(SolutionConfigurationPlatforms) = preSolution
		Debug|Any CPU = Debug|Any CPU
		Release|Any CPU = Release|Any CPU
	EndGlobalSection
	GlobalSection(ProjectConfigurationPlatforms) = postSolution
		{74D01FE2-2AB8-4AAB-B27F-099254761BA7}.Debug|Any CPU.ActiveCfg = Debug|Any CPU
		{74D01FE2-2AB8-4AAB-B27F-099254761BA7}.Debug|Any CPU.Build.0 = Debug|Any CPU
		{74D01FE2-2AB8-4AAB-B27F-099254761BA7}.Release|Any CPU.ActiveCfg = Release|Any CPU
		{74D01FE2-2AB8-4AAB-B27F-099254761BA7}.Release|Any CPU.Build.0 = Release|Any CPU
	EndGlobalSection
	GlobalSection(SolutionProperties) = preSolution
		HideSolutionNode = FALSE
	EndGlobalSection
	GlobalSection(ExtensibilityGlobals) = postSolution
		SolutionGuid = {12C16420-41AD-4634-A297-A3004BBAE13E}
	EndGlobalSection
EndGlobal
